
Microsoft Visual Studio Solution File, Format Version 12.00
# Visual Studio Version 17
VisualStudioVersion = 17.5.33502.453
MinimumVisualStudioVersion = 10.0.40219.1
Project("{FAE04EC0-301F-11D3-BF4B-00C04F79EFBC}") = "Doviz_Ofisi", "Doviz_Ofisi\Doviz_Ofisi.csproj", "{A7F749AF-4BF6-4FB8-9B5B-E8E8B8542774}"
EndProject
Global
	GlobalSection(SolutionConfigurationPlatforms) = preSolution
		Debug|Any CPU = Debug|Any CPU
		Release|Any CPU = Release|Any CPU
	EndGlobalSection
	GlobalSection(ProjectConfigurationPlatforms) = postSolution
		{A7F749AF-4BF6-4FB8-9B5B-E8E8B8542774}.Debug|Any CPU.ActiveCfg = Debug|Any CPU
		{A7F749AF-4BF6-4FB8-9B5B-E8E8B8542774}.Debug|Any CPU.Build.0 = Debug|Any CPU
		{A7F749AF-4BF6-4FB8-9B5B-E8E8B8542774}.Release|Any CPU.ActiveCfg = Release|Any CPU
		{A7F749AF-4BF6-4FB8-9B5B-E8E8B8542774}.Release|Any CPU.Build.0 = Release|Any CPU
	EndGlobalSection
	GlobalSection(SolutionProperties) = preSolution
		HideSolutionNode = FALSE
	EndGlobalSection
	GlobalSection(ExtensibilityGlobals) = postSolution
		SolutionGuid = {F7D0D069-7C59-46D3-B9A4-14ECBBBEBC4C}
	EndGlobalSection
EndGlobal
